
Microsoft Visual Studio Solution File, Format Version 12.00
# Visual Studio Version 17
VisualStudioVersion = 17.9.34728.123
MinimumVisualStudioVersion = 10.0.40219.1
Project("{FAE04EC0-301F-11D3-BF4B-00C04F79EFBC}") = "API-ending", "API-ending\API-ending.csproj", "{0EF9AAEC-EDDB-4D0D-8CC0-3A51BDB3D226}"
EndProject
Global
	GlobalSection(SolutionConfigurationPlatforms) = preSolution
		Debug|Any CPU = Debug|Any CPU
		Release|Any CPU = Release|Any CPU
	EndGlobalSection
	GlobalSection(ProjectConfigurationPlatforms) = postSolution
		{0EF9AAEC-EDDB-4D0D-8CC0-3A51BDB3D226}.Debug|Any CPU.ActiveCfg = Debug|Any CPU
		{0EF9AAEC-EDDB-4D0D-8CC0-3A51BDB3D226}.Debug|Any CPU.Build.0 = Debug|Any CPU
		{0EF9AAEC-EDDB-4D0D-8CC0-3A51BDB3D226}.Release|Any CPU.ActiveCfg = Release|Any CPU
		{0EF9AAEC-EDDB-4D0D-8CC0-3A51BDB3D226}.Release|Any CPU.Build.0 = Release|Any CPU
	EndGlobalSection
	GlobalSection(SolutionProperties) = preSolution
		HideSolutionNode = FALSE
	EndGlobalSection
	GlobalSection(ExtensibilityGlobals) = postSolution
		SolutionGuid = {7B9983D5-A065-4218-B855-E8410ED76CF6}
	EndGlobalSection
EndGlobal
